
Microsoft Visual Studio Solution File, Format Version 12.00
# Visual Studio Version 16
VisualStudioVersion = 16.0.32002.261
MinimumVisualStudioVersion = 10.0.40219.1
Project("{FAE04EC0-301F-11D3-BF4B-00C04F79EFBC}") = "WindowsExpender", "WindowsExpender\WindowsExpender.csproj", "{F688C5FB-105B-4DC8-A1B4-EF703A673F87}"
EndProject
Global
	GlobalSection(SolutionConfigurationPlatforms) = preSolution
		Debug|Any CPU = Debug|Any CPU
		Release|Any CPU = Release|Any CPU
	EndGlobalSection
	GlobalSection(ProjectConfigurationPlatforms) = postSolution
		{F688C5FB-105B-4DC8-A1B4-EF703A673F87}.Debug|Any CPU.ActiveCfg = Debug|Any CPU
		{F688C5FB-105B-4DC8-A1B4-EF703A673F87}.Debug|Any CPU.Build.0 = Debug|Any CPU
		{F688C5FB-105B-4DC8-A1B4-EF703A673F87}.Release|Any CPU.ActiveCfg = Release|Any CPU
		{F688C5FB-105B-4DC8-A1B4-EF703A673F87}.Release|Any CPU.Build.0 = Release|Any CPU
	EndGlobalSection
	GlobalSection(SolutionProperties) = preSolution
		HideSolutionNode = FALSE
	EndGlobalSection
	GlobalSection(ExtensibilityGlobals) = postSolution
		SolutionGuid = {B61DA75C-EBED-4973-8B09-717AE043C702}
	EndGlobalSection
EndGlobal
